
Microsoft Visual Studio Solution File, Format Version 12.00
# Visual Studio 15
VisualStudioVersion = 15.0.26730.16
MinimumVisualStudioVersion = 10.0.40219.1
Project("{8BC9CEB8-8B4A-11D0-8D11-00A0C91BC942}") = "PointCloud", "PointCloud.vcxproj", "{28FCC64F-B362-4D19-9078-8E318C835E90}"
EndProject
Global
	GlobalSection(SolutionConfigurationPlatforms) = preSolution
		Debug|Win32 = Debug|Win32
		Release|Win32 = Release|Win32
	EndGlobalSection
	GlobalSection(ProjectConfigurationPlatforms) = postSolution
		{28FCC64F-B362-4D19-9078-8E318C835E90}.Debug|Win32.ActiveCfg = Debug|Win32
		{28FCC64F-B362-4D19-9078-8E318C835E90}.Debug|Win32.Build.0 = Debug|Win32
		{28FCC64F-B362-4D19-9078-8E318C835E90}.Release|Win32.ActiveCfg = Release|Win32
		{28FCC64F-B362-4D19-9078-8E318C835E90}.Release|Win32.Build.0 = Release|Win32
	EndGlobalSection
	GlobalSection(SolutionProperties) = preSolution
		HideSolutionNode = FALSE
	EndGlobalSection
	GlobalSection(ExtensibilityGlobals) = postSolution
		SolutionGuid = {EF32205C-F0E4-40D0-8AD5-F3902FBC5DD2}
	EndGlobalSection
EndGlobal
